
Microsoft Visual Studio Solution File, Format Version 12.00
# Visual Studio Version 17
VisualStudioVersion = 17.7.34031.279
MinimumVisualStudioVersion = 10.0.40219.1
Project("{FAE04EC0-301F-11D3-BF4B-00C04F79EFBC}") = "Cuong-ASM", "Cuong-ASM\Cuong-ASM.csproj", "{F8FF15D6-CC17-4998-8143-9669B618357C}"
EndProject
Global
	GlobalSection(SolutionConfigurationPlatforms) = preSolution
		Debug|Any CPU = Debug|Any CPU
		Release|Any CPU = Release|Any CPU
	EndGlobalSection
	GlobalSection(ProjectConfigurationPlatforms) = postSolution
		{F8FF15D6-CC17-4998-8143-9669B618357C}.Debug|Any CPU.ActiveCfg = Debug|Any CPU
		{F8FF15D6-CC17-4998-8143-9669B618357C}.Debug|Any CPU.Build.0 = Debug|Any CPU
		{F8FF15D6-CC17-4998-8143-9669B618357C}.Release|Any CPU.ActiveCfg = Release|Any CPU
		{F8FF15D6-CC17-4998-8143-9669B618357C}.Release|Any CPU.Build.0 = Release|Any CPU
	EndGlobalSection
	GlobalSection(SolutionProperties) = preSolution
		HideSolutionNode = FALSE
	EndGlobalSection
	GlobalSection(ExtensibilityGlobals) = postSolution
		SolutionGuid = {6F613B2B-39CA-4E31-9145-D0AC2A91DF0D}
	EndGlobalSection
EndGlobal
